
Microsoft Visual Studio Solution File, Format Version 12.00
# Visual Studio Version 17
VisualStudioVersion = 17.8.34330.188
MinimumVisualStudioVersion = 10.0.40219.1
Project("{FAE04EC0-301F-11D3-BF4B-00C04F79EFBC}") = "TitleCaseWebApp", "TitleCaseWebApp.csproj", "{3F65752C-CB86-4894-96CD-0CDDAF474424}"
EndProject
Project("{FAE04EC0-301F-11D3-BF4B-00C04F79EFBC}") = "TitlecaseTesting", "..\TitlecaseTesting\TitlecaseTesting.csproj", "{D289377A-7F1D-4FDA-B677-7CBCBB2A532F}"
EndProject
Global
	GlobalSection(SolutionConfigurationPlatforms) = preSolution
		Debug|Any CPU = Debug|Any CPU
		Release|Any CPU = Release|Any CPU
	EndGlobalSection
	GlobalSection(ProjectConfigurationPlatforms) = postSolution
		{3F65752C-CB86-4894-96CD-0CDDAF474424}.Debug|Any CPU.ActiveCfg = Debug|Any CPU
		{3F65752C-CB86-4894-96CD-0CDDAF474424}.Debug|Any CPU.Build.0 = Debug|Any CPU
		{3F65752C-CB86-4894-96CD-0CDDAF474424}.Release|Any CPU.ActiveCfg = Release|Any CPU
		{3F65752C-CB86-4894-96CD-0CDDAF474424}.Release|Any CPU.Build.0 = Release|Any CPU
		{D289377A-7F1D-4FDA-B677-7CBCBB2A532F}.Debug|Any CPU.ActiveCfg = Debug|Any CPU
		{D289377A-7F1D-4FDA-B677-7CBCBB2A532F}.Debug|Any CPU.Build.0 = Debug|Any CPU
		{D289377A-7F1D-4FDA-B677-7CBCBB2A532F}.Release|Any CPU.ActiveCfg = Release|Any CPU
		{D289377A-7F1D-4FDA-B677-7CBCBB2A532F}.Release|Any CPU.Build.0 = Release|Any CPU
	EndGlobalSection
	GlobalSection(SolutionProperties) = preSolution
		HideSolutionNode = FALSE
	EndGlobalSection
	GlobalSection(ExtensibilityGlobals) = postSolution
		SolutionGuid = {4EA6BB43-9EAF-4920-BFAD-DEB8474DDAF4}
	EndGlobalSection
EndGlobal
